// !$*UTF8*$!
{
	archiveVersion = 1;
	classes = {
	};
	objectVersion = 55;
	objects = {

/* Begin PBXBuildFile section */
		1C5AA09928BEC5B400629E5B /* AppDelegate.swift in Sources */ = {isa = PBXBuildFile; fileRef = 1C5AA09828BEC5B400629E5B /* AppDelegate.swift */; };
		1C5AA09B28BEC5B400629E5B /* SceneDelegate.swift in Sources */ = {isa = PBXBuildFile; fileRef = 1C5AA09A28BEC5B400629E5B /* SceneDelegate.swift */; };
		1C5AA09D28BEC5B400629E5B /* ViewController.swift in Sources */ = {isa = PBXBuildFile; fileRef = 1C5AA09C28BEC5B400629E5B /* ViewController.swift */; };
		1C5AA0A028BEC5B400629E5B /* Main.storyboard in Resources */ = {isa = PBXBuildFile; fileRef = 1C5AA09E28BEC5B400629E5B /* Main.storyboard */; };
		1C5AA0A228BEC5B700629E5B /* Assets.xcassets in Resources */ = {isa = PBXBuildFile; fileRef = 1C5AA0A128BEC5B700629E5B /* Assets.xcassets */; };
		1C5AA0A528BEC5B700629E5B /* LaunchScreen.storyboard in Resources */ = {isa = PBXBuildFile; fileRef = 1C5AA0A328BEC5B700629E5B /* LaunchScreen.storyboard */; };
		1C5AA0B028BEC5B700629E5B /* DemoListTests.swift in Sources */ = {isa = PBXBuildFile; fileRef = 1C5AA0AF28BEC5B700629E5B /* DemoListTests.swift */; };
		1C5AA0BA28BEC5B700629E5B /* DemoListUITests.swift in Sources */ = {isa = PBXBuildFile; fileRef = 1C5AA0B928BEC5B700629E5B /* DemoListUITests.swift */; };
		1C5AA0BC28BEC5B700629E5B /* DemoListUITestsLaunchTests.swift in Sources */ = {isa = PBXBuildFile; fileRef = 1C5AA0BB28BEC5B700629E5B /* DemoListUITestsLaunchTests.swift */; };
/* End PBXBuildFile section */

/* Begin PBXContainerItemProxy section */
		1C5AA0AC28BEC5B700629E5B /* PBXContainerItemProxy */ = {
			isa = PBXContainerItemProxy;
			containerPortal = 1C5AA08D28BEC5B400629E5B /* Project object */;
			proxyType = 1;
			remoteGlobalIDString = 1C5AA09428BEC5B400629E5B;
			remoteInfo = DemoList;
		};
		1C5AA0B628BEC5B700629E5B /* PBXContainerItemProxy */ = {
			isa = PBXContainerItemProxy;
			containerPortal = 1C5AA08D28BEC5B400629E5B /* Project object */;
			proxyType = 1;
			remoteGlobalIDString = 1C5AA09428BEC5B400629E5B;
			remoteInfo = DemoList;
		};
/* End PBXContainerItemProxy section */

/* Begin PBXFileReference section */
		1C5AA09528BEC5B400629E5B /* DemoList.app */ = {isa = PBXFileReference; explicitFileType = wrapper.application; includeInIndex = 0; path = DemoList.app; sourceTree = BUILT_PRODUCTS_DIR; };
		1C5AA09828BEC5B400629E5B /* AppDelegate.swift */ = {isa = PBXFileReference; lastKnownFileType = sourcecode.swift; path = AppDelegate.swift; sourceTree = "<group>"; };
		1C5AA09A28BEC5B400629E5B /* SceneDelegate.swift */ = {isa = PBXFileReference; lastKnownFileType = sourcecode.swift; path = SceneDelegate.swift; sourceTree = "<group>"; };
		1C5AA09C28BEC5B400629E5B /* ViewController.swift */ = {isa = PBXFileReference; lastKnownFileType = sourcecode.swift; path = ViewController.swift; sourceTree = "<group>"; };
		1C5AA09F28BEC5B400629E5B /* Base */ = {isa = PBXFileReference; lastKnownFileType = file.storyboard; name = Base; path = Base.lproj/Main.storyboard; sourceTree = "<group>"; };
		1C5AA0A128BEC5B700629E5B /* Assets.xcassets */ = {isa = PBXFileReference; lastKnownFileType = folder.assetcatalog; path = Assets.xcassets; sourceTree = "<group>"; };
		1C5AA0A428BEC5B700629E5B /* Base */ = {isa = PBXFileReference; lastKnownFileType = file.storyboard; name = Base; path = Base.lproj/LaunchScreen.storyboard; sourceTree = "<group>"; };
		1C5AA0A628BEC5B700629E5B /* Info.plist */ = {isa = PBXFileReference; lastKnownFileType = text.plist.xml; path = Info.plist; sourceTree = "<group>"; };
		1C5AA0AB28BEC5B700629E5B /* DemoListTests.xctest */ = {isa = PBXFileReference; explicitFileType = wrapper.cfbundle; includeInIndex = 0; path = DemoListTests.xctest; sourceTree = BUILT_PRODUCTS_DIR; };
		1C5AA0AF28BEC5B700629E5B /* DemoListTests.swift */ = {isa = PBXFileReference; lastKnownFileType = sourcecode.swift; path = DemoListTests.swift; sourceTree = "<group>"; };
		1C5AA0B528BEC5B700629E5B /* DemoListUITests.xctest */ = {isa = PBXFileReference; explicitFileType = wrapper.cfbundle; includeInIndex = 0; path = DemoListUITests.xctest; sourceTree = BUILT_PRODUCTS_DIR; };
		1C5AA0B928BEC5B700629E5B /* DemoListUITests.swift */ = {isa = PBXFileReference; lastKnownFileType = sourcecode.swift; path = DemoListUITests.swift; sourceTree = "<group>"; };
		1C5AA0BB28BEC5B700629E5B /* DemoListUITestsLaunchTests.swift */ = {isa = PBXFileReference; lastKnownFileType = sourcecode.swift; path = DemoListUITestsLaunchTests.swift; sourceTree = "<group>"; };
/* End PBXFileReference section */

/* Begin PBXFrameworksBuildPhase section */
		1C5AA09228BEC5B400629E5B /* Frameworks */ = {
			isa = PBXFrameworksBuildPhase;
			buildActionMask = 2147483647;
			files = (
			);
			runOnlyForDeploymentPostprocessing = 0;
		};
		1C5AA0A828BEC5B700629E5B /* Frameworks */ = {
			isa = PBXFrameworksBuildPhase;
			buildActionMask = 2147483647;
			files = (
			);
			runOnlyForDeploymentPostprocessing = 0;
		};
		1C5AA0B228BEC5B700629E5B /* Frameworks */ = {
			isa = PBXFrameworksBuildPhase;
			buildActionMask = 2147483647;
			files = (
			);
			runOnlyForDeploymentPostprocessing = 0;
		};
/* End PBXFrameworksBuildPhase section */

/* Begin PBXGroup section */
		1C5AA08C28BEC5B400629E5B = {
			isa = PBXGroup;
			children = (
				1C5AA09728BEC5B400629E5B /* DemoList */,
				1C5AA0AE28BEC5B700629E5B /* DemoListTests */,
				1C5AA0B828BEC5B700629E5B /* DemoListUITests */,
				1C5AA09628BEC5B400629E5B /* Products */,
			);
			sourceTree = "<group>";
		};
		1C5AA09628BEC5B400629E5B /* Products */ = {
			isa = PBXGroup;
			children = (
				1C5AA09528BEC5B400629E5B /* DemoList.app */,
				1C5AA0AB28BEC5B700629E5B /* DemoListTests.xctest */,
				1C5AA0B528BEC5B700629E5B /* DemoListUITests.xctest */,
			);
			name = Products;
			sourceTree = "<group>";
		};
		1C5AA09728BEC5B400629E5B /* DemoList */ = {
			isa = PBXGroup;
			children = (
				1C5AA09828BEC5B400629E5B /* AppDelegate.swift */,
				1C5AA09A28BEC5B400629E5B /* SceneDelegate.swift */,
				1C5AA09C28BEC5B400629E5B /* ViewController.swift */,
				1C5AA09E28BEC5B400629E5B /* Main.storyboard */,
				1C5AA0A128BEC5B700629E5B /* Assets.xcassets */,
				1C5AA0A328BEC5B700629E5B /* LaunchScreen.storyboard */,
				1C5AA0A628BEC5B700629E5B /* Info.plist */,
			);
			path = DemoList;
			sourceTree = "<group>";
		};
		1C5AA0AE28BEC5B700629E5B /* DemoListTests */ = {
			isa = PBXGroup;
			children = (
				1C5AA0AF28BEC5B700629E5B /* DemoListTests.swift */,
			);
			path = DemoListTests;
			sourceTree = "<group>";
		};
		1C5AA0B828BEC5B700629E5B /* DemoListUITests */ = {
			isa = PBXGroup;
			children = (
				1C5AA0B928BEC5B700629E5B /* DemoListUITests.swift */,
				1C5AA0BB28BEC5B700629E5B /* DemoListUITestsLaunchTests.swift */,
			);
			path = DemoListUITests;
			sourceTree = "<group>";
		};
/* End PBXGroup section */

/* Begin PBXNativeTarget section */
		1C5AA09428BEC5B400629E5B /* DemoList */ = {
			isa = PBXNativeTarget;
			buildConfigurationList = 1C5AA0BF28BEC5B700629E5B /* Build configuration list for PBXNativeTarget "DemoList" */;
			buildPhases = (
				1C5AA09128BEC5B400629E5B /* Sources */,
				1C5AA09228BEC5B400629E5B /* Frameworks */,
				1C5AA09328BEC5B400629E5B /* Resources */,
			);
			buildRules = (
			);
			dependencies = (
			);
			name = DemoList;
			productName = DemoList;
			productReference = 1C5AA09528BEC5B400629E5B /* DemoList.app */;
			productType = "com.apple.product-type.application";
		};
		1C5AA0AA28BEC5B700629E5B /* DemoListTests */ = {
			isa = PBXNativeTarget;
			buildConfigurationList = 1C5AA0C228BEC5B700629E5B /* Build configuration list for PBXNativeTarget "DemoListTests" */;
			buildPhases = (
				1C5AA0A728BEC5B700629E5B /* Sources */,
				1C5AA0A828BEC5B700629E5B /* Frameworks */,
				1C5AA0A928BEC5B700629E5B /* Resources */,
			);
			buildRules = (
			);
			dependencies = (
				1C5AA0AD28BEC5B700629E5B /* PBXTargetDependency */,
			);
			name = DemoListTests;
			productName = DemoListTests;
			productReference = 1C5AA0AB28BEC5B700629E5B /* DemoListTests.xctest */;
			productType = "com.apple.product-type.bundle.unit-test";
		};
		1C5AA0B428BEC5B700629E5B /* DemoListUITests */ = {
			isa = PBXNativeTarget;
			buildConfigurationList = 1C5AA0C528BEC5B700629E5B /* Build configuration list for PBXNativeTarget "DemoListUITests" */;
			buildPhases = (
				1C5AA0B128BEC5B700629E5B /* Sources */,
				1C5AA0B228BEC5B700629E5B /* Frameworks */,
				1C5AA0B328BEC5B700629E5B /* Resources */,
			);
			buildRules = (
			);
			dependencies = (
				1C5AA0B728BEC5B700629E5B /* PBXTargetDependency */,
			);
			name = DemoListUITests;
			productName = DemoListUITests;
			productReference = 1C5AA0B528BEC5B700629E5B /* DemoListUITests.xctest */;
			productType = "com.apple.product-type.bundle.ui-testing";
		};
/* End PBXNativeTarget section */

/* Begin PBXProject section */
		1C5AA08D28BEC5B400629E5B /* Project object */ = {
			isa = PBXProject;
			attributes = {
				BuildIndependentTargetsInParallel = 1;
				LastSwiftUpdateCheck = 1340;
				LastUpgradeCheck = 1340;
				TargetAttributes = {
					1C5AA09428BEC5B400629E5B = {
						CreatedOnToolsVersion = 13.4.1;
					};
					1C5AA0AA28BEC5B700629E5B = {
						CreatedOnToolsVersion = 13.4.1;
						TestTargetID = 1C5AA09428BEC5B400629E5B;
					};
					1C5AA0B428BEC5B700629E5B = {
						CreatedOnToolsVersion = 13.4.1;
						TestTargetID = 1C5AA09428BEC5B400629E5B;
					};
				};
			};
			buildConfigurationList = 1C5AA09028BEC5B400629E5B /* Build configuration list for PBXProject "DemoList" */;
			compatibilityVersion = "Xcode 13.0";
			developmentRegion = en;
			hasScannedForEncodings = 0;
			knownRegions = (
				en,
				Base,
			);
			mainGroup = 1C5AA08C28BEC5B400629E5B;
			productRefGroup = 1C5AA09628BEC5B400629E5B /* Products */;
			projectDirPath = "";
			projectRoot = "";
			targets = (
				1C5AA09428BEC5B400629E5B /* DemoList */,
				1C5AA0AA28BEC5B700629E5B /* DemoListTests */,
				1C5AA0B428BEC5B700629E5B /* DemoListUITests */,
			);
		};
/* End PBXProject section */

/* Begin PBXResourcesBuildPhase section */
		1C5AA09328BEC5B400629E5B /* Resources */ = {
			isa = PBXResourcesBuildPhase;
			buildActionMask = 2147483647;
			files = (
				1C5AA0A528BEC5B700629E5B /* LaunchScreen.storyboard in Resources */,
				1C5AA0A228BEC5B700629E5B /* Assets.xcassets in Resources */,
				1C5AA0A028BEC5B400629E5B /* Main.storyboard in Resources */,
			);
			runOnlyForDeploymentPostprocessing = 0;
		};
		1C5AA0A928BEC5B700629E5B /* Resources */ = {
			isa = PBXResourcesBuildPhase;
			buildActionMask = 2147483647;
			files = (
			);
			runOnlyForDeploymentPostprocessing = 0;
		};
		1C5AA0B328BEC5B700629E5B /* Resources */ = {
			isa = PBXResourcesBuildPhase;
			buildActionMask = 2147483647;
			files = (
			);
			runOnlyForDeploymentPostprocessing = 0;
		};
/* End PBXResourcesBuildPhase section */

/* Begin PBXSourcesBuildPhase section */
		1C5AA09128BEC5B400629E5B /* Sources */ = {
			isa = PBXSourcesBuildPhase;
			buildActionMask = 2147483647;
			files = (
				1C5AA09D28BEC5B400629E5B /* ViewController.swift in Sources */,
				1C5AA09928BEC5B400629E5B /* AppDelegate.swift in Sources */,
				1C5AA09B28BEC5B400629E5B /* SceneDelegate.swift in Sources */,
			);
			runOnlyForDeploymentPostprocessing = 0;
		};
		1C5AA0A728BEC5B700629E5B /* Sources */ = {
			isa = PBXSourcesBuildPhase;
			buildActionMask = 2147483647;
			files = (
				1C5AA0B028BEC5B700629E5B /* DemoListTests.swift in Sources */,
			);
			runOnlyForDeploymentPostprocessing = 0;
		};
		1C5AA0B128BEC5B700629E5B /* Sources */ = {
			isa = PBXSourcesBuildPhase;
			buildActionMask = 2147483647;
			files = (
				1C5AA0BC28BEC5B700629E5B /* DemoListUITestsLaunchTests.swift in Sources */,
				1C5AA0BA28BEC5B700629E5B /* DemoListUITests.swift in Sources */,
			);
			runOnlyForDeploymentPostprocessing = 0;
		};
/* End PBXSourcesBuildPhase section */

/* Begin PBXTargetDependency section */
		1C5AA0AD28BEC5B700629E5B /* PBXTargetDependency */ = {
			isa = PBXTargetDependency;
			target = 1C5AA09428BEC5B400629E5B /* DemoList */;
			targetProxy = 1C5AA0AC28BEC5B700629E5B /* PBXContainerItemProxy */;
		};
		1C5AA0B728BEC5B700629E5B /* PBXTargetDependency */ = {
			isa = PBXTargetDependency;
			target = 1C5AA09428BEC5B400629E5B /* DemoList */;
			targetProxy = 1C5AA0B628BEC5B700629E5B /* PBXContainerItemProxy */;
		};
/* End PBXTargetDependency section */

/* Begin PBXVariantGroup section */
		1C5AA09E28BEC5B400629E5B /* Main.storyboard */ = {
			isa = PBXVariantGroup;
			children = (
				1C5AA09F28BEC5B400629E5B /* Base */,
			);
			name = Main.storyboard;
			sourceTree = "<group>";
		};
		1C5AA0A328BEC5B700629E5B /* LaunchScreen.storyboard */ = {
			isa = PBXVariantGroup;
			children = (
				1C5AA0A428BEC5B700629E5B /* Base */,
			);
			name = LaunchScreen.storyboard;
			sourceTree = "<group>";
		};
/* End PBXVariantGroup section */

/* Begin XCBuildConfiguration section */
		1C5AA0BD28BEC5B700629E5B /* Debug */ = {
			isa = XCBuildConfiguration;
			buildSettings = {
				ALWAYS_SEARCH_USER_PATHS = NO;
				CLANG_ANALYZER_NONNULL = YES;
				CLANG_ANALYZER_NUMBER_OBJECT_CONVERSION = YES_AGGRESSIVE;
				CLANG_CXX_LANGUAGE_STANDARD = "gnu++17";
				CLANG_ENABLE_MODULES = YES;
				CLANG_ENABLE_OBJC_ARC = YES;
				CLANG_ENABLE_OBJC_WEAK = YES;
				CLANG_WARN_BLOCK_CAPTURE_AUTORELEASING = YES;
				CLANG_WARN_BOOL_CONVERSION = YES;
				CLANG_WARN_COMMA = YES;
				CLANG_WARN_CONSTANT_CONVERSION = YES;
				CLANG_WARN_DEPRECATED_OBJC_IMPLEMENTATIONS = YES;
				CLANG_WARN_DIRECT_OBJC_ISA_USAGE = YES_ERROR;
				CLANG_WARN_DOCUMENTATION_COMMENTS = YES;
				CLANG_WARN_EMPTY_BODY = YES;
				CLANG_WARN_ENUM_CONVERSION = YES;
				CLANG_WARN_INFINITE_RECURSION = YES;
				CLANG_WARN_INT_CONVERSION = YES;
				CLANG_WARN_NON_LITERAL_NULL_CONVERSION = YES;
				CLANG_WARN_OBJC_IMPLICIT_RETAIN_SELF = YES;
				CLANG_WARN_OBJC_LITERAL_CONVERSION = YES;
				CLANG_WARN_OBJC_ROOT_CLASS = YES_ERROR;
				CLANG_WARN_QUOTED_INCLUDE_IN_FRAMEWORK_HEADER = YES;
				CLANG_WARN_RANGE_LOOP_ANALYSIS = YES;
				CLANG_WARN_STRICT_PROTOTYPES = YES;
				CLANG_WARN_SUSPICIOUS_MOVE = YES;
				CLANG_WARN_UNGUARDED_AVAILABILITY = YES_AGGRESSIVE;
				CLANG_WARN_UNREACHABLE_CODE = YES;
				CLANG_WARN__DUPLICATE_METHOD_MATCH = YES;
				COPY_PHASE_STRIP = NO;
				DEBUG_INFORMATION_FORMAT = dwarf;
				ENABLE_STRICT_OBJC_MSGSEND = YES;
				ENABLE_TESTABILITY = YES;
				GCC_C_LANGUAGE_STANDARD = gnu11;
				GCC_DYNAMIC_NO_PIC = NO;
				GCC_NO_COMMON_BLOCKS = YES;
				GCC_OPTIMIZATION_LEVEL = 0;
				GCC_PREPROCESSOR_DEFINITIONS = (
					"DEBUG=1",
					"$(inherited)",
				);
				GCC_WARN_64_TO_32_BIT_CONVERSION = YES;
				GCC_WARN_ABOUT_RETURN_TYPE = YES_ERROR;
				GCC_WARN_UNDECLARED_SELECTOR = YES;
				GCC_WARN_UNINITIALIZED_AUTOS = YES_AGGRESSIVE;
				GCC_WARN_UNUSED_FUNCTION = YES;
				GCC_WARN_UNUSED_VARIABLE = YES;
				IPHONEOS_DEPLOYMENT_TARGET = 15.5;
				MTL_ENABLE_DEBUG_INFO = INCLUDE_SOURCE;
				MTL_FAST_MATH = YES;
				ONLY_ACTIVE_ARCH = YES;
				SDKROOT = iphoneos;
				SWIFT_ACTIVE_COMPILATION_CONDITIONS = DEBUG;
				SWIFT_OPTIMIZATION_LEVEL = "-Onone";
			};
			name = Debug;
		};
		1C5AA0BE28BEC5B700629E5B /* Release */ = {
			isa = XCBuildConfiguration;
			buildSettings = {
				ALWAYS_SEARCH_USER_PATHS = NO;
				CLANG_ANALYZER_NONNULL = YES;
				CLANG_ANALYZER_NUMBER_OBJECT_CONVERSION = YES_AGGRESSIVE;
				CLANG_CXX_LANGUAGE_STANDARD = "gnu++17";
				CLANG_ENABLE_MODULES = YES;
				CLANG_ENABLE_OBJC_ARC = YES;
				CLANG_ENABLE_OBJC_WEAK = YES;
				CLANG_WARN_BLOCK_CAPTURE_AUTORELEASING = YES;
				CLANG_WARN_BOOL_CONVERSION = YES;
				CLANG_WARN_COMMA = YES;
				CLANG_WARN_CONSTANT_CONVERSION = YES;
				CLANG_WARN_DEPRECATED_OBJC_IMPLEMENTATIONS = YES;
				CLANG_WARN_DIRECT_OBJC_ISA_USAGE = YES_ERROR;
				CLANG_WARN_DOCUMENTATION_COMMENTS = YES;
				CLANG_WARN_EMPTY_BODY = YES;
				CLANG_WARN_ENUM_CONVERSION = YES;
				CLANG_WARN_INFINITE_RECURSION = YES;
				CLANG_WARN_INT_CONVERSION = YES;
				CLANG_WARN_NON_LITERAL_NULL_CONVERSION = YES;
				CLANG_WARN_OBJC_IMPLICIT_RETAIN_SELF = YES;
				CLANG_WARN_OBJC_LITERAL_CONVERSION = YES;
				CLANG_WARN_OBJC_ROOT_CLASS = YES_ERROR;
				CLANG_WARN_QUOTED_INCLUDE_IN_FRAMEWORK_HEADER = YES;
				CLANG_WARN_RANGE_LOOP_ANALYSIS = YES;
				CLANG_WARN_STRICT_PROTOTYPES = YES;
				CLANG_WARN_SUSPICIOUS_MOVE = YES;
				CLANG_WARN_UNGUARDED_AVAILABILITY = YES_AGGRESSIVE;
				CLANG_WARN_UNREACHABLE_CODE = YES;
				CLANG_WARN__DUPLICATE_METHOD_MATCH = YES;
				COPY_PHASE_STRIP = NO;
				DEBUG_INFORMATION_FORMAT = "dwarf-with-dsym";
				ENABLE_NS_ASSERTIONS = NO;
				ENABLE_STRICT_OBJC_MSGSEND = YES;
				GCC_C_LANGUAGE_STANDARD = gnu11;
				GCC_NO_COMMON_BLOCKS = YES;
				GCC_WARN_64_TO_32_BIT_CONVERSION = YES;
				GCC_WARN_ABOUT_RETURN_TYPE = YES_ERROR;
				GCC_WARN_UNDECLARED_SELECTOR = YES;
				GCC_WARN_UNINITIALIZED_AUTOS = YES_AGGRESSIVE;
				GCC_WARN_UNUSED_FUNCTION = YES;
				GCC_WARN_UNUSED_VARIABLE = YES;
				IPHONEOS_DEPLOYMENT_TARGET = 15.5;
				MTL_ENABLE_DEBUG_INFO = NO;
				MTL_FAST_MATH = YES;
				SDKROOT = iphoneos;
				SWIFT_COMPILATION_MODE = wholemodule;
				SWIFT_OPTIMIZATION_LEVEL = "-O";
				VALIDATE_PRODUCT = YES;
			};
			name = Release;
		};
		1C5AA0C028BEC5B700629E5B /* Debug */ = {
			isa = XCBuildConfiguration;
			buildSettings = {
				ASSETCATALOG_COMPILER_APPICON_NAME = AppIcon;
				ASSETCATALOG_COMPILER_GLOBAL_ACCENT_COLOR_NAME = AccentColor;
				CODE_SIGN_STYLE = Automatic;
				CURRENT_PROJECT_VERSION = 1;
				GENERATE_INFOPLIST_FILE = YES;
				INFOPLIST_FILE = DemoList/Info.plist;
				INFOPLIST_KEY_UIApplicationSupportsIndirectInputEvents = YES;
				INFOPLIST_KEY_UILaunchStoryboardName = LaunchScreen;
				INFOPLIST_KEY_UIMainStoryboardFile = Main;
				INFOPLIST_KEY_UISupportedInterfaceOrientations_iPad = "UIInterfaceOrientationPortrait UIInterfaceOrientationPortraitUpsideDown UIInterfaceOrientationLandscapeLeft UIInterfaceOrientationLandscapeRight";
				INFOPLIST_KEY_UISupportedInterfaceOrientations_iPhone = "UIInterfaceOrientationPortrait UIInterfaceOrientationLandscapeLeft UIInterfaceOrientationLandscapeRight";
				LD_RUNPATH_SEARCH_PATHS = (
					"$(inherited)",
					"@executable_path/Frameworks",
				);
				MARKETING_VERSION = 1.0;
				PRODUCT_BUNDLE_IDENTIFIER = com.example.DemoList;
				PRODUCT_NAME = "$(TARGET_NAME)";
				SWIFT_EMIT_LOC_STRINGS = YES;
				SWIFT_VERSION = 5.0;
				TARGETED_DEVICE_FAMILY = "1,2";
			};
			name = Debug;
		};
		1C5AA0C128BEC5B700629E5B /* Release */ = {
			isa = XCBuildConfiguration;
			buildSettings = {
				ASSETCATALOG_COMPILER_APPICON_NAME = AppIcon;
				ASSETCATALOG_COMPILER_GLOBAL_ACCENT_COLOR_NAME = AccentColor;
				CODE_SIGN_STYLE = Automatic;
				CURRENT_PROJECT_VERSION = 1;
				GENERATE_INFOPLIST_FILE = YES;
				INFOPLIST_FILE = DemoList/Info.plist;
				INFOPLIST_KEY_UIApplicationSupportsIndirectInputEvents = YES;
				INFOPLIST_KEY_UILaunchStoryboardName = LaunchScreen;
				INFOPLIST_KEY_UIMainStoryboardFile = Main;
				INFOPLIST_KEY_UISupportedInterfaceOrientations_iPad = "UIInterfaceOrientationPortrait UIInterfaceOrientationPortraitUpsideDown UIInterfaceOrientationLandscapeLeft UIInterfaceOrientationLandscapeRight";
				INFOPLIST_KEY_UISupportedInterfaceOrientations_iPhone = "UIInterfaceOrientationPortrait UIInterfaceOrientationLandscapeLeft UIInterfaceOrientationLandscapeRight";
				LD_RUNPATH_SEARCH_PATHS = (
					"$(inherited)",
					"@executable_path/Frameworks",
				);
				MARKETING_VERSION = 1.0;
				PRODUCT_BUNDLE_IDENTIFIER = com.example.DemoList;
				PRODUCT_NAME = "$(TARGET_NAME)";
				SWIFT_EMIT_LOC_STRINGS = YES;
				SWIFT_VERSION = 5.0;
				TARGETED_DEVICE_FAMILY = "1,2";
			};
			name = Release;
		};
		1C5AA0C328BEC5B700629E5B /* Debug */ = {
			isa = XCBuildConfiguration;
			buildSettings = {
				ALWAYS_EMBED_SWIFT_STANDARD_LIBRARIES = YES;
				BUNDLE_LOADER = "$(TEST_HOST)";
				CODE_SIGN_STYLE = Automatic;
				CURRENT_PROJECT_VERSION = 1;
				GENERATE_INFOPLIST_FILE = YES;
				IPHONEOS_DEPLOYMENT_TARGET = 15.5;
				MARKETING_VERSION = 1.0;
				PRODUCT_BUNDLE_IDENTIFIER = com.example.DemoListTests;
				PRODUCT_NAME = "$(TARGET_NAME)";
				SWIFT_EMIT_LOC_STRINGS = NO;
				SWIFT_VERSION = 5.0;
				TARGETED_DEVICE_FAMILY = "1,2";
				TEST_HOST = "$(BUILT_PRODUCTS_DIR)/DemoList.app/DemoList";
			};
			name = Debug;
		};
		1C5AA0C428BEC5B700629E5B /* Release */ = {
			isa = XCBuildConfiguration;
			buildSettings = {
				ALWAYS_EMBED_SWIFT_STANDARD_LIBRARIES = YES;
				BUNDLE_LOADER = "$(TEST_HOST)";
				CODE_SIGN_STYLE = Automatic;
				CURRENT_PROJECT_VERSION = 1;
				GENERATE_INFOPLIST_FILE = YES;
				IPHONEOS_DEPLOYMENT_TARGET = 15.5;
				MARKETING_VERSION = 1.0;
				PRODUCT_BUNDLE_IDENTIFIER = com.example.DemoListTests;
				PRODUCT_NAME = "$(TARGET_NAME)";
				SWIFT_EMIT_LOC_STRINGS = NO;
				SWIFT_VERSION = 5.0;
				TARGETED_DEVICE_FAMILY = "1,2";
				TEST_HOST = "$(BUILT_PRODUCTS_DIR)/DemoList.app/DemoList";
			};
			name = Release;
		};
		1C5AA0C628BEC5B700629E5B /* Debug */ = {
			isa = XCBuildConfiguration;
			buildSettings = {
				ALWAYS_EMBED_SWIFT_STANDARD_LIBRARIES = YES;
				CODE_SIGN_STYLE = Automatic;
				CURRENT_PROJECT_VERSION = 1;
				GENERATE_INFOPLIST_FILE = YES;
				MARKETING_VERSION = 1.0;
				PRODUCT_BUNDLE_IDENTIFIER = com.example.DemoListUITests;
				PRODUCT_NAME = "$(TARGET_NAME)";
				SWIFT_EMIT_LOC_STRINGS = NO;
				SWIFT_VERSION = 5.0;
				TARGETED_DEVICE_FAMILY = "1,2";
				TEST_TARGET_NAME = DemoList;
			};
			name = Debug;
		};
		1C5AA0C728BEC5B700629E5B /* Release */ = {
			isa = XCBuildConfiguration;
			buildSettings = {
				ALWAYS_EMBED_SWIFT_STANDARD_LIBRARIES = YES;
				CODE_SIGN_STYLE = Automatic;
				CURRENT_PROJECT_VERSION = 1;
				GENERATE_INFOPLIST_FILE = YES;
				MARKETING_VERSION = 1.0;
				PRODUCT_BUNDLE_IDENTIFIER = com.example.DemoListUITests;
				PRODUCT_NAME = "$(TARGET_NAME)";
				SWIFT_EMIT_LOC_STRINGS = NO;
				SWIFT_VERSION = 5.0;
				TARGETED_DEVICE_FAMILY = "1,2";
				TEST_TARGET_NAME = DemoList;
			};
			name = Release;
		};
/* End XCBuildConfiguration section */

/* Begin XCConfigurationList section */
		1C5AA09028BEC5B400629E5B /* Build configuration list for PBXProject "DemoList" */ = {
			isa = XCConfigurationList;
			buildConfigurations = (
				1C5AA0BD28BEC5B700629E5B /* Debug */,
				1C5AA0BE28BEC5B700629E5B /* Release */,
			);
			defaultConfigurationIsVisible = 0;
			defaultConfigurationName = Release;
		};
		1C5AA0BF28BEC5B700629E5B /* Build configuration list for PBXNativeTarget "DemoList" */ = {
			isa = XCConfigurationList;
			buildConfigurations = (
				1C5AA0C028BEC5B700629E5B /* Debug */,
				1C5AA0C128BEC5B700629E5B /* Release */,
			);
			defaultConfigurationIsVisible = 0;
			defaultConfigurationName = Release;
		};
		1C5AA0C228BEC5B700629E5B /* Build configuration list for PBXNativeTarget "DemoListTests" */ = {
			isa = XCConfigurationList;
			buildConfigurations = (
				1C5AA0C328BEC5B700629E5B /* Debug */,
				1C5AA0C428BEC5B700629E5B /* Release */,
			);
			defaultConfigurationIsVisible = 0;
			defaultConfigurationName = Release;
		};
		1C5AA0C528BEC5B700629E5B /* Build configuration list for PBXNativeTarget "DemoListUITests" */ = {
			isa = XCConfigurationList;
			buildConfigurations = (
				1C5AA0C628BEC5B700629E5B /* Debug */,
				1C5AA0C728BEC5B700629E5B /* Release */,
			);
			defaultConfigurationIsVisible = 0;
			defaultConfigurationName = Release;
		};
/* End XCConfigurationList section */
	};
	rootObject = 1C5AA08D28BEC5B400629E5B /* Project object */;
}
